// !$*UTF8*$!
{
	archiveVersion = 1;
	classes = {
	};
	objectVersion = 46;
	objects = {

/* Begin PBXBuildFile section */
		C786F2391D91448200B2A569 /* main.m in Sources */ = {isa = PBXBuildFile; fileRef = C786F2381D91448200B2A569 /* main.m */; };
		C786F23C1D91448300B2A569 /* AppDelegate.m in Sources */ = {isa = PBXBuildFile; fileRef = C786F23B1D91448300B2A569 /* AppDelegate.m */; };
		C786F23F1D91448300B2A569 /* ViewController.m in Sources */ = {isa = PBXBuildFile; fileRef = C786F23E1D91448300B2A569 /* ViewController.m */; };
		C786F2421D91448300B2A569 /* Main.storyboard in Resources */ = {isa = PBXBuildFile; fileRef = C786F2401D91448300B2A569 /* Main.storyboard */; };
		C786F2441D91448300B2A569 /* Assets.xcassets in Resources */ = {isa = PBXBuildFile; fileRef = C786F2431D91448300B2A569 /* Assets.xcassets */; };
		C786F2471D91448300B2A569 /* LaunchScreen.storyboard in Resources */ = {isa = PBXBuildFile; fileRef = C786F2451D91448300B2A569 /* LaunchScreen.storyboard */; };
/* End PBXBuildFile section */

/* Begin PBXFileReference section */
		C786F2341D91448200B2A569 /* anhuiNews.app */ = {isa = PBXFileReference; explicitFileType = wrapper.application; includeInIndex = 0; path = anhuiNews.app; sourceTree = BUILT_PRODUCTS_DIR; };
		C786F2381D91448200B2A569 /* main.m */ = {isa = PBXFileReference; lastKnownFileType = sourcecode.c.objc; path = main.m; sourceTree = "<group>"; };
		C786F23A1D91448200B2A569 /* AppDelegate.h */ = {isa = PBXFileReference; lastKnownFileType = sourcecode.c.h; path = AppDelegate.h; sourceTree = "<group>"; };
		C786F23B1D91448300B2A569 /* AppDelegate.m */ = {isa = PBXFileReference; lastKnownFileType = sourcecode.c.objc; path = AppDelegate.m; sourceTree = "<group>"; };
		C786F23D1D91448300B2A569 /* ViewController.h */ = {isa = PBXFileReference; lastKnownFileType = sourcecode.c.h; path = ViewController.h; sourceTree = "<group>"; };
		C786F23E1D91448300B2A569 /* ViewController.m */ = {isa = PBXFileReference; lastKnownFileType = sourcecode.c.objc; path = ViewController.m; sourceTree = "<group>"; };
		C786F2411D91448300B2A569 /* Base */ = {isa = PBXFileReference; lastKnownFileType = file.storyboard; name = Base; path = Base.lproj/Main.storyboard; sourceTree = "<group>"; };
		C786F2431D91448300B2A569 /* Assets.xcassets */ = {isa = PBXFileReference; lastKnownFileType = folder.assetcatalog; path = Assets.xcassets; sourceTree = "<group>"; };
		C786F2461D91448300B2A569 /* Base */ = {isa = PBXFileReference; lastKnownFileType = file.storyboard; name = Base; path = Base.lproj/LaunchScreen.storyboard; sourceTree = "<group>"; };
		C786F2481D91448300B2A569 /* Info.plist */ = {isa = PBXFileReference; lastKnownFileType = text.plist.xml; path = Info.plist; sourceTree = "<group>"; };
/* End PBXFileReference section */

/* Begin PBXFrameworksBuildPhase section */
		C786F2311D91448200B2A569 /* Frameworks */ = {
			isa = PBXFrameworksBuildPhase;
			buildActionMask = 2147483647;
			files = (
			);
			runOnlyForDeploymentPostprocessing = 0;
		};
/* End PBXFrameworksBuildPhase section */

/* Begin PBXGroup section */
		C786F22B1D91448200B2A569 = {
			isa = PBXGroup;
			children = (
				C786F2361D91448200B2A569 /* anhuiNews */,
				C786F2351D91448200B2A569 /* Products */,
			);
			sourceTree = "<group>";
		};
		C786F2351D91448200B2A569 /* Products */ = {
			isa = PBXGroup;
			children = (
				C786F2341D91448200B2A569 /* anhuiNews.app */,
			);
			name = Products;
			sourceTree = "<group>";
		};
		C786F2361D91448200B2A569 /* anhuiNews */ = {
			isa = PBXGroup;
			children = (
				C786F23A1D91448200B2A569 /* AppDelegate.h */,
				C786F23B1D91448300B2A569 /* AppDelegate.m */,
				C786F23D1D91448300B2A569 /* ViewController.h */,
				C786F23E1D91448300B2A569 /* ViewController.m */,
				C786F2401D91448300B2A569 /* Main.storyboard */,
				C786F2431D91448300B2A569 /* Assets.xcassets */,
				C786F2451D91448300B2A569 /* LaunchScreen.storyboard */,
				C786F2481D91448300B2A569 /* Info.plist */,
				C786F2371D91448200B2A569 /* Supporting Files */,
			);
			path = anhuiNews;
			sourceTree = "<group>";
		};
		C786F2371D91448200B2A569 /* Supporting Files */ = {
			isa = PBXGroup;
			children = (
				C786F2381D91448200B2A569 /* main.m */,
			);
			name = "Supporting Files";
			sourceTree = "<group>";
		};
/* End PBXGroup section */

/* Begin PBXNativeTarget section */
		C786F2331D91448200B2A569 /* anhuiNews */ = {
			isa = PBXNativeTarget;
			buildConfigurationList = C786F24B1D91448300B2A569 /* Build configuration list for PBXNativeTarget "anhuiNews" */;
			buildPhases = (
				C786F2301D91448200B2A569 /* Sources */,
				C786F2311D91448200B2A569 /* Frameworks */,
				C786F2321D91448200B2A569 /* Resources */,
			);
			buildRules = (
			);
			dependencies = (
			);
			name = anhuiNews;
			productName = anhuiNews;
			productReference = C786F2341D91448200B2A569 /* anhuiNews.app */;
			productType = "com.apple.product-type.application";
		};
/* End PBXNativeTarget section */

/* Begin PBXProject section */
		C786F22C1D91448200B2A569 /* Project object */ = {
			isa = PBXProject;
			attributes = {
				LastUpgradeCheck = 0710;
				ORGANIZATIONNAME = "安徽基地－012";
				TargetAttributes = {
					C786F2331D91448200B2A569 = {
						CreatedOnToolsVersion = 7.1;
						DevelopmentTeam = 9HBPG6AFXF;
					};
				};
			};
			buildConfigurationList = C786F22F1D91448200B2A569 /* Build configuration list for PBXProject "anhuiNews" */;
			compatibilityVersion = "Xcode 3.2";
			developmentRegion = English;
			hasScannedForEncodings = 0;
			knownRegions = (
				en,
				Base,
			);
			mainGroup = C786F22B1D91448200B2A569;
			productRefGroup = C786F2351D91448200B2A569 /* Products */;
			projectDirPath = "";
			projectRoot = "";
			targets = (
				C786F2331D91448200B2A569 /* anhuiNews */,
			);
		};
/* End PBXProject section */

/* Begin PBXResourcesBuildPhase section */
		C786F2321D91448200B2A569 /* Resources */ = {
			isa = PBXResourcesBuildPhase;
			buildActionMask = 2147483647;
			files = (
				C786F2471D91448300B2A569 /* LaunchScreen.storyboard in Resources */,
				C786F2441D91448300B2A569 /* Assets.xcassets in Resources */,
				C786F2421D91448300B2A569 /* Main.storyboard in Resources */,
			);
			runOnlyForDeploymentPostprocessing = 0;
		};
/* End PBXResourcesBuildPhase section */

/* Begin PBXSourcesBuildPhase section */
		C786F2301D91448200B2A569 /* Sources */ = {
			isa = PBXSourcesBuildPhase;
			buildActionMask = 2147483647;
			files = (
				C786F23F1D91448300B2A569 /* ViewController.m in Sources */,
				C786F23C1D91448300B2A569 /* AppDelegate.m in Sources */,
				C786F2391D91448200B2A569 /* main.m in Sources */,
			);
			runOnlyForDeploymentPostprocessing = 0;
		};
/* End PBXSourcesBuildPhase section */

/* Begin PBXVariantGroup section */
		C786F2401D91448300B2A569 /* Main.storyboard */ = {
			isa = PBXVariantGroup;
			children = (
				C786F2411D91448300B2A569 /* Base */,
			);
			name = Main.storyboard;
			sourceTree = "<group>";
		};
		C786F2451D91448300B2A569 /* LaunchScreen.storyboard */ = {
			isa = PBXVariantGroup;
			children = (
				C786F2461D91448300B2A569 /* Base */,
			);
			name = LaunchScreen.storyboard;
			sourceTree = "<group>";
		};
/* End PBXVariantGroup section */

/* Begin XCBuildConfiguration section */
		C786F2491D91448300B2A569 /* Debug */ = {
			isa = XCBuildConfiguration;
			buildSettings = {
				ALWAYS_SEARCH_USER_PATHS = NO;
				CLANG_CXX_LANGUAGE_STANDARD = "gnu++0x";
				CLANG_CXX_LIBRARY = "libc++";
				CLANG_ENABLE_MODULES = YES;
				CLANG_ENABLE_OBJC_ARC = YES;
				CLANG_WARN_BOOL_CONVERSION = YES;
				CLANG_WARN_CONSTANT_CONVERSION = YES;
				CLANG_WARN_DIRECT_OBJC_ISA_USAGE = YES_ERROR;
				CLANG_WARN_EMPTY_BODY = YES;
				CLANG_WARN_ENUM_CONVERSION = YES;
				CLANG_WARN_INT_CONVERSION = YES;
				CLANG_WARN_OBJC_ROOT_CLASS = YES_ERROR;
				CLANG_WARN_UNREACHABLE_CODE = YES;
				CLANG_WARN__DUPLICATE_METHOD_MATCH = YES;
				"CODE_SIGN_IDENTITY[sdk=iphoneos*]" = "iPhone Developer";
				COPY_PHASE_STRIP = NO;
				DEBUG_INFORMATION_FORMAT = dwarf;
				ENABLE_STRICT_OBJC_MSGSEND = YES;
				ENABLE_TESTABILITY = YES;
				GCC_C_LANGUAGE_STANDARD = gnu99;
				GCC_DYNAMIC_NO_PIC = NO;
				GCC_NO_COMMON_BLOCKS = YES;
				GCC_OPTIMIZATION_LEVEL = 0;
				GCC_PREPROCESSOR_DEFINITIONS = (
					"DEBUG=1",
					"$(inherited)",
				);
				GCC_WARN_64_TO_32_BIT_CONVERSION = YES;
				GCC_WARN_ABOUT_RETURN_TYPE = YES_ERROR;
				GCC_WARN_UNDECLARED_SELECTOR = YES;
				GCC_WARN_UNINITIALIZED_AUTOS = YES_AGGRESSIVE;
				GCC_WARN_UNUSED_FUNCTION = YES;
				GCC_WARN_UNUSED_VARIABLE = YES;
				IPHONEOS_DEPLOYMENT_TARGET = 9.1;
				MTL_ENABLE_DEBUG_INFO = YES;
				ONLY_ACTIVE_ARCH = YES;
				SDKROOT = iphoneos;
			};
			name = Debug;
		};
		C786F24A1D91448300B2A569 /* Release */ = {
			isa = XCBuildConfiguration;
			buildSettings = {
				ALWAYS_SEARCH_USER_PATHS = NO;
				CLANG_CXX_LANGUAGE_STANDARD = "gnu++0x";
				CLANG_CXX_LIBRARY = "libc++";
				CLANG_ENABLE_MODULES = YES;
				CLANG_ENABLE_OBJC_ARC = YES;
				CLANG_WARN_BOOL_CONVERSION = YES;
				CLANG_WARN_CONSTANT_CONVERSION = YES;
				CLANG_WARN_DIRECT_OBJC_ISA_USAGE = YES_ERROR;
				CLANG_WARN_EMPTY_BODY = YES;
				CLANG_WARN_ENUM_CONVERSION = YES;
				CLANG_WARN_INT_CONVERSION = YES;
				CLANG_WARN_OBJC_ROOT_CLASS = YES_ERROR;
				CLANG_WARN_UNREACHABLE_CODE = YES;
				CLANG_WARN__DUPLICATE_METHOD_MATCH = YES;
				"CODE_SIGN_IDENTITY[sdk=iphoneos*]" = "iPhone Developer";
				COPY_PHASE_STRIP = NO;
				DEBUG_INFORMATION_FORMAT = "dwarf-with-dsym";
				ENABLE_NS_ASSERTIONS = NO;
				ENABLE_STRICT_OBJC_MSGSEND = YES;
				GCC_C_LANGUAGE_STANDARD = gnu99;
				GCC_NO_COMMON_BLOCKS = YES;
				GCC_WARN_64_TO_32_BIT_CONVERSION = YES;
				GCC_WARN_ABOUT_RETURN_TYPE = YES_ERROR;
				GCC_WARN_UNDECLARED_SELECTOR = YES;
				GCC_WARN_UNINITIALIZED_AUTOS = YES_AGGRESSIVE;
				GCC_WARN_UNUSED_FUNCTION = YES;
				GCC_WARN_UNUSED_VARIABLE = YES;
				IPHONEOS_DEPLOYMENT_TARGET = 9.1;
				MTL_ENABLE_DEBUG_INFO = NO;
				SDKROOT = iphoneos;
				VALIDATE_PRODUCT = YES;
			};
			name = Release;
		};
		C786F24C1D91448300B2A569 /* Debug */ = {
			isa = XCBuildConfiguration;
			buildSettings = {
				ASSETCATALOG_COMPILER_APPICON_NAME = AppIcon;
				INFOPLIST_FILE = anhuiNews/Info.plist;
				LD_RUNPATH_SEARCH_PATHS = "$(inherited) @executable_path/Frameworks";
				PRODUCT_BUNDLE_IDENTIFIER = com.tarena.anhuiNews;
				PRODUCT_NAME = "$(TARGET_NAME)";
			};
			name = Debug;
		};
		C786F24D1D91448300B2A569 /* Release */ = {
			isa = XCBuildConfiguration;
			buildSettings = {
				ASSETCATALOG_COMPILER_APPICON_NAME = AppIcon;
				INFOPLIST_FILE = anhuiNews/Info.plist;
				LD_RUNPATH_SEARCH_PATHS = "$(inherited) @executable_path/Frameworks";
				PRODUCT_BUNDLE_IDENTIFIER = com.tarena.anhuiNews;
				PRODUCT_NAME = "$(TARGET_NAME)";
			};
			name = Release;
		};
/* End XCBuildConfiguration section */

/* Begin XCConfigurationList section */
		C786F22F1D91448200B2A569 /* Build configuration list for PBXProject "anhuiNews" */ = {
			isa = XCConfigurationList;
			buildConfigurations = (
				C786F2491D91448300B2A569 /* Debug */,
				C786F24A1D91448300B2A569 /* Release */,
			);
			defaultConfigurationIsVisible = 0;
			defaultConfigurationName = Release;
		};
		C786F24B1D91448300B2A569 /* Build configuration list for PBXNativeTarget "anhuiNews" */ = {
			isa = XCConfigurationList;
			buildConfigurations = (
				C786F24C1D91448300B2A569 /* Debug */,
				C786F24D1D91448300B2A569 /* Release */,
			);
			defaultConfigurationIsVisible = 0;
		};
/* End XCConfigurationList section */
	};
	rootObject = C786F22C1D91448200B2A569 /* Project object */;
}
